
Microsoft Visual Studio Solution File, Format Version 12.00
# Visual Studio 14
VisualStudioVersion = 14.0.25123.0
MinimumVisualStudioVersion = 10.0.40219.1
Project("{FAE04EC0-301F-11D3-BF4B-00C04F79EFBC}") = "myBit.Droid", "myBit\myBit.Droid\myBit.Droid.csproj", "{FF5B7FA7-CDEB-434E-B069-ECE801F7841F}"
EndProject
Project("{FAE04EC0-301F-11D3-BF4B-00C04F79EFBC}") = "myBit.iOS", "myBit\myBit.iOS\myBit.iOS.csproj", "{1A1418FA-D765-4513-8745-E9B77AF1DD92}"
EndProject
Project("{FAE04EC0-301F-11D3-BF4B-00C04F79EFBC}") = "myBit.WinPhone", "myBit\myBit.WinPhone\myBit.WinPhone.csproj", "{DDDF0FCA-5F4B-40AE-A79E-B41EAAD171D8}"
EndProject
Project("{FAE04EC0-301F-11D3-BF4B-00C04F79EFBC}") = "myBit.UWP", "myBit\myBit.UWP\myBit.UWP.csproj", "{8C02FE0B-5D49-4092-A0DA-3234F424594C}"
EndProject
Project("{FAE04EC0-301F-11D3-BF4B-00C04F79EFBC}") = "myBit.Windows", "myBit\myBit.Windows\myBit.Windows.csproj", "{FE189223-B177-475C-98B5-20EC8E48B712}"
EndProject
Project("{FAE04EC0-301F-11D3-BF4B-00C04F79EFBC}") = "myBit", "myBit\myBit\myBit.csproj", "{05734C41-FCA4-4DAB-9113-1BF9D682719F}"
EndProject
Global
	GlobalSection(SolutionConfigurationPlatforms) = preSolution
		Ad-Hoc|Any CPU = Ad-Hoc|Any CPU
		Ad-Hoc|ARM = Ad-Hoc|ARM
		Ad-Hoc|iPhone = Ad-Hoc|iPhone
		Ad-Hoc|iPhoneSimulator = Ad-Hoc|iPhoneSimulator
		Ad-Hoc|x64 = Ad-Hoc|x64
		Ad-Hoc|x86 = Ad-Hoc|x86
		AppStore|Any CPU = AppStore|Any CPU
		AppStore|ARM = AppStore|ARM
		AppStore|iPhone = AppStore|iPhone
		AppStore|iPhoneSimulator = AppStore|iPhoneSimulator
		AppStore|x64 = AppStore|x64
		AppStore|x86 = AppStore|x86
		Debug|Any CPU = Debug|Any CPU
		Debug|ARM = Debug|ARM
		Debug|iPhone = Debug|iPhone
		Debug|iPhoneSimulator = Debug|iPhoneSimulator
		Debug|x64 = Debug|x64
		Debug|x86 = Debug|x86
		Release|Any CPU = Release|Any CPU
		Release|ARM = Release|ARM
		Release|iPhone = Release|iPhone
		Release|iPhoneSimulator = Release|iPhoneSimulator
		Release|x64 = Release|x64
		Release|x86 = Release|x86
	EndGlobalSection
	GlobalSection(ProjectConfigurationPlatforms) = postSolution
		{FF5B7FA7-CDEB-434E-B069-ECE801F7841F}.Ad-Hoc|Any CPU.ActiveCfg = Release|Any CPU
		{FF5B7FA7-CDEB-434E-B069-ECE801F7841F}.Ad-Hoc|Any CPU.Build.0 = Release|Any CPU
		{FF5B7FA7-CDEB-434E-B069-ECE801F7841F}.Ad-Hoc|Any CPU.Deploy.0 = Release|Any CPU
		{FF5B7FA7-CDEB-434E-B069-ECE801F7841F}.Ad-Hoc|ARM.ActiveCfg = Release|Any CPU
		{FF5B7FA7-CDEB-434E-B069-ECE801F7841F}.Ad-Hoc|ARM.Build.0 = Release|Any CPU
		{FF5B7FA7-CDEB-434E-B069-ECE801F7841F}.Ad-Hoc|ARM.Deploy.0 = Release|Any CPU
		{FF5B7FA7-CDEB-434E-B069-ECE801F7841F}.Ad-Hoc|iPhone.ActiveCfg = Release|Any CPU
		{FF5B7FA7-CDEB-434E-B069-ECE801F7841F}.Ad-Hoc|iPhone.Build.0 = Release|Any CPU
		{FF5B7FA7-CDEB-434E-B069-ECE801F7841F}.Ad-Hoc|iPhone.Deploy.0 = Release|Any CPU
		{FF5B7FA7-CDEB-434E-B069-ECE801F7841F}.Ad-Hoc|iPhoneSimulator.ActiveCfg = Release|Any CPU
		{FF5B7FA7-CDEB-434E-B069-ECE801F7841F}.Ad-Hoc|iPhoneSimulator.Build.0 = Release|Any CPU
		{FF5B7FA7-CDEB-434E-B069-ECE801F7841F}.Ad-Hoc|iPhoneSimulator.Deploy.0 = Release|Any CPU
		{FF5B7FA7-CDEB-434E-B069-ECE801F7841F}.Ad-Hoc|x64.ActiveCfg = Release|Any CPU
		{FF5B7FA7-CDEB-434E-B069-ECE801F7841F}.Ad-Hoc|x64.Build.0 = Release|Any CPU
		{FF5B7FA7-CDEB-434E-B069-ECE801F7841F}.Ad-Hoc|x64.Deploy.0 = Release|Any CPU
		{FF5B7FA7-CDEB-434E-B069-ECE801F7841F}.Ad-Hoc|x86.ActiveCfg = Release|Any CPU
		{FF5B7FA7-CDEB-434E-B069-ECE801F7841F}.Ad-Hoc|x86.Build.0 = Release|Any CPU
		{FF5B7FA7-CDEB-434E-B069-ECE801F7841F}.Ad-Hoc|x86.Deploy.0 = Release|Any CPU
		{FF5B7FA7-CDEB-434E-B069-ECE801F7841F}.AppStore|Any CPU.ActiveCfg = Release|Any CPU
		{FF5B7FA7-CDEB-434E-B069-ECE801F7841F}.AppStore|Any CPU.Build.0 = Release|Any CPU
		{FF5B7FA7-CDEB-434E-B069-ECE801F7841F}.AppStore|Any CPU.Deploy.0 = Release|Any CPU
		{FF5B7FA7-CDEB-434E-B069-ECE801F7841F}.AppStore|ARM.ActiveCfg = Release|Any CPU
		{FF5B7FA7-CDEB-434E-B069-ECE801F7841F}.AppStore|ARM.Build.0 = Release|Any CPU
		{FF5B7FA7-CDEB-434E-B069-ECE801F7841F}.AppStore|ARM.Deploy.0 = Release|Any CPU
		{FF5B7FA7-CDEB-434E-B069-ECE801F7841F}.AppStore|iPhone.ActiveCfg = Release|Any CPU
		{FF5B7FA7-CDEB-434E-B069-ECE801F7841F}.AppStore|iPhone.Build.0 = Release|Any CPU
		{FF5B7FA7-CDEB-434E-B069-ECE801F7841F}.AppStore|iPhone.Deploy.0 = Release|Any CPU
		{FF5B7FA7-CDEB-434E-B069-ECE801F7841F}.AppStore|iPhoneSimulator.ActiveCfg = Release|Any CPU
		{FF5B7FA7-CDEB-434E-B069-ECE801F7841F}.AppStore|iPhoneSimulator.Build.0 = Release|Any CPU
		{FF5B7FA7-CDEB-434E-B069-ECE801F7841F}.AppStore|iPhoneSimulator.Deploy.0 = Release|Any CPU
		{FF5B7FA7-CDEB-434E-B069-ECE801F7841F}.AppStore|x64.ActiveCfg = Release|Any CPU
		{FF5B7FA7-CDEB-434E-B069-ECE801F7841F}.AppStore|x64.Build.0 = Release|Any CPU
		{FF5B7FA7-CDEB-434E-B069-ECE801F7841F}.AppStore|x64.Deploy.0 = Release|Any CPU
		{FF5B7FA7-CDEB-434E-B069-ECE801F7841F}.AppStore|x86.ActiveCfg = Release|Any CPU
		{FF5B7FA7-CDEB-434E-B069-ECE801F7841F}.AppStore|x86.Build.0 = Release|Any CPU
		{FF5B7FA7-CDEB-434E-B069-ECE801F7841F}.AppStore|x86.Deploy.0 = Release|Any CPU
		{FF5B7FA7-CDEB-434E-B069-ECE801F7841F}.Debug|Any CPU.ActiveCfg = Debug|Any CPU
		{FF5B7FA7-CDEB-434E-B069-ECE801F7841F}.Debug|Any CPU.Build.0 = Debug|Any CPU
		{FF5B7FA7-CDEB-434E-B069-ECE801F7841F}.Debug|Any CPU.Deploy.0 = Debug|Any CPU
		{FF5B7FA7-CDEB-434E-B069-ECE801F7841F}.Debug|ARM.ActiveCfg = Debug|Any CPU
		{FF5B7FA7-CDEB-434E-B069-ECE801F7841F}.Debug|ARM.Build.0 = Debug|Any CPU
		{FF5B7FA7-CDEB-434E-B069-ECE801F7841F}.Debug|ARM.Deploy.0 = Debug|Any CPU
		{FF5B7FA7-CDEB-434E-B069-ECE801F7841F}.Debug|iPhone.ActiveCfg = Debug|Any CPU
		{FF5B7FA7-CDEB-434E-B069-ECE801F7841F}.Debug|iPhone.Build.0 = Debug|Any CPU
		{FF5B7FA7-CDEB-434E-B069-ECE801F7841F}.Debug|iPhone.Deploy.0 = Debug|Any CPU
		{FF5B7FA7-CDEB-434E-B069-ECE801F7841F}.Debug|iPhoneSimulator.ActiveCfg = Debug|Any CPU
		{FF5B7FA7-CDEB-434E-B069-ECE801F7841F}.Debug|iPhoneSimulator.Build.0 = Debug|Any CPU
		{FF5B7FA7-CDEB-434E-B069-ECE801F7841F}.Debug|iPhoneSimulator.Deploy.0 = Debug|Any CPU
		{FF5B7FA7-CDEB-434E-B069-ECE801F7841F}.Debug|x64.ActiveCfg = Debug|Any CPU
		{FF5B7FA7-CDEB-434E-B069-ECE801F7841F}.Debug|x64.Build.0 = Debug|Any CPU
		{FF5B7FA7-CDEB-434E-B069-ECE801F7841F}.Debug|x64.Deploy.0 = Debug|Any CPU
		{FF5B7FA7-CDEB-434E-B069-ECE801F7841F}.Debug|x86.ActiveCfg = Debug|Any CPU
		{FF5B7FA7-CDEB-434E-B069-ECE801F7841F}.Debug|x86.Build.0 = Debug|Any CPU
		{FF5B7FA7-CDEB-434E-B069-ECE801F7841F}.Debug|x86.Deploy.0 = Debug|Any CPU
		{FF5B7FA7-CDEB-434E-B069-ECE801F7841F}.Release|Any CPU.ActiveCfg = Release|Any CPU
		{FF5B7FA7-CDEB-434E-B069-ECE801F7841F}.Release|Any CPU.Build.0 = Release|Any CPU
		{FF5B7FA7-CDEB-434E-B069-ECE801F7841F}.Release|Any CPU.Deploy.0 = Release|Any CPU
		{FF5B7FA7-CDEB-434E-B069-ECE801F7841F}.Release|ARM.ActiveCfg = Release|Any CPU
		{FF5B7FA7-CDEB-434E-B069-ECE801F7841F}.Release|ARM.Build.0 = Release|Any CPU
		{FF5B7FA7-CDEB-434E-B069-ECE801F7841F}.Release|ARM.Deploy.0 = Release|Any CPU
		{FF5B7FA7-CDEB-434E-B069-ECE801F7841F}.Release|iPhone.ActiveCfg = Release|Any CPU
		{FF5B7FA7-CDEB-434E-B069-ECE801F7841F}.Release|iPhone.Build.0 = Release|Any CPU
		{FF5B7FA7-CDEB-434E-B069-ECE801F7841F}.Release|iPhone.Deploy.0 = Release|Any CPU
		{FF5B7FA7-CDEB-434E-B069-ECE801F7841F}.Release|iPhoneSimulator.ActiveCfg = Release|Any CPU
		{FF5B7FA7-CDEB-434E-B069-ECE801F7841F}.Release|iPhoneSimulator.Build.0 = Release|Any CPU
		{FF5B7FA7-CDEB-434E-B069-ECE801F7841F}.Release|iPhoneSimulator.Deploy.0 = Release|Any CPU
		{FF5B7FA7-CDEB-434E-B069-ECE801F7841F}.Release|x64.ActiveCfg = Release|Any CPU
		{FF5B7FA7-CDEB-434E-B069-ECE801F7841F}.Release|x64.Build.0 = Release|Any CPU
		{FF5B7FA7-CDEB-434E-B069-ECE801F7841F}.Release|x64.Deploy.0 = Release|Any CPU
		{FF5B7FA7-CDEB-434E-B069-ECE801F7841F}.Release|x86.ActiveCfg = Release|Any CPU
		{FF5B7FA7-CDEB-434E-B069-ECE801F7841F}.Release|x86.Build.0 = Release|Any CPU
		{FF5B7FA7-CDEB-434E-B069-ECE801F7841F}.Release|x86.Deploy.0 = Release|Any CPU
		{1A1418FA-D765-4513-8745-E9B77AF1DD92}.Ad-Hoc|Any CPU.ActiveCfg = Ad-Hoc|iPhone
		{1A1418FA-D765-4513-8745-E9B77AF1DD92}.Ad-Hoc|ARM.ActiveCfg = Ad-Hoc|iPhone
		{1A1418FA-D765-4513-8745-E9B77AF1DD92}.Ad-Hoc|iPhone.ActiveCfg = Ad-Hoc|iPhone
		{1A1418FA-D765-4513-8745-E9B77AF1DD92}.Ad-Hoc|iPhone.Build.0 = Ad-Hoc|iPhone
		{1A1418FA-D765-4513-8745-E9B77AF1DD92}.Ad-Hoc|iPhoneSimulator.ActiveCfg = Ad-Hoc|iPhoneSimulator
		{1A1418FA-D765-4513-8745-E9B77AF1DD92}.Ad-Hoc|iPhoneSimulator.Build.0 = Ad-Hoc|iPhoneSimulator
		{1A1418FA-D765-4513-8745-E9B77AF1DD92}.Ad-Hoc|x64.ActiveCfg = Ad-Hoc|iPhone
		{1A1418FA-D765-4513-8745-E9B77AF1DD92}.Ad-Hoc|x86.ActiveCfg = Ad-Hoc|iPhone
		{1A1418FA-D765-4513-8745-E9B77AF1DD92}.AppStore|Any CPU.ActiveCfg = AppStore|iPhone
		{1A1418FA-D765-4513-8745-E9B77AF1DD92}.AppStore|ARM.ActiveCfg = AppStore|iPhone
		{1A1418FA-D765-4513-8745-E9B77AF1DD92}.AppStore|iPhone.ActiveCfg = AppStore|iPhone
		{1A1418FA-D765-4513-8745-E9B77AF1DD92}.AppStore|iPhone.Build.0 = AppStore|iPhone
		{1A1418FA-D765-4513-8745-E9B77AF1DD92}.AppStore|iPhoneSimulator.ActiveCfg = AppStore|iPhoneSimulator
		{1A1418FA-D765-4513-8745-E9B77AF1DD92}.AppStore|iPhoneSimulator.Build.0 = AppStore|iPhoneSimulator
		{1A1418FA-D765-4513-8745-E9B77AF1DD92}.AppStore|x64.ActiveCfg = AppStore|iPhone
		{1A1418FA-D765-4513-8745-E9B77AF1DD92}.AppStore|x86.ActiveCfg = AppStore|iPhone
		{1A1418FA-D765-4513-8745-E9B77AF1DD92}.Debug|Any CPU.ActiveCfg = Debug|iPhone
		{1A1418FA-D765-4513-8745-E9B77AF1DD92}.Debug|ARM.ActiveCfg = Debug|iPhone
		{1A1418FA-D765-4513-8745-E9B77AF1DD92}.Debug|iPhone.ActiveCfg = Debug|iPhone
		{1A1418FA-D765-4513-8745-E9B77AF1DD92}.Debug|iPhone.Build.0 = Debug|iPhone
		{1A1418FA-D765-4513-8745-E9B77AF1DD92}.Debug|iPhoneSimulator.ActiveCfg = Debug|iPhoneSimulator
		{1A1418FA-D765-4513-8745-E9B77AF1DD92}.Debug|iPhoneSimulator.Build.0 = Debug|iPhoneSimulator
		{1A1418FA-D765-4513-8745-E9B77AF1DD92}.Debug|x64.ActiveCfg = Debug|iPhone
		{1A1418FA-D765-4513-8745-E9B77AF1DD92}.Debug|x86.ActiveCfg = Debug|iPhone
		{1A1418FA-D765-4513-8745-E9B77AF1DD92}.Release|Any CPU.ActiveCfg = Release|iPhone
		{1A1418FA-D765-4513-8745-E9B77AF1DD92}.Release|ARM.ActiveCfg = Release|iPhone
		{1A1418FA-D765-4513-8745-E9B77AF1DD92}.Release|iPhone.ActiveCfg = Release|iPhone
		{1A1418FA-D765-4513-8745-E9B77AF1DD92}.Release|iPhone.Build.0 = Release|iPhone
		{1A1418FA-D765-4513-8745-E9B77AF1DD92}.Release|iPhoneSimulator.ActiveCfg = Release|iPhoneSimulator
		{1A1418FA-D765-4513-8745-E9B77AF1DD92}.Release|iPhoneSimulator.Build.0 = Release|iPhoneSimulator
		{1A1418FA-D765-4513-8745-E9B77AF1DD92}.Release|x64.ActiveCfg = Release|iPhone
		{1A1418FA-D765-4513-8745-E9B77AF1DD92}.Release|x86.ActiveCfg = Release|iPhone
		{DDDF0FCA-5F4B-40AE-A79E-B41EAAD171D8}.Ad-Hoc|Any CPU.ActiveCfg = Release|Any CPU
		{DDDF0FCA-5F4B-40AE-A79E-B41EAAD171D8}.Ad-Hoc|Any CPU.Build.0 = Release|Any CPU
		{DDDF0FCA-5F4B-40AE-A79E-B41EAAD171D8}.Ad-Hoc|Any CPU.Deploy.0 = Release|Any CPU
		{DDDF0FCA-5F4B-40AE-A79E-B41EAAD171D8}.Ad-Hoc|ARM.ActiveCfg = Release|ARM
		{DDDF0FCA-5F4B-40AE-A79E-B41EAAD171D8}.Ad-Hoc|ARM.Build.0 = Release|ARM
		{DDDF0FCA-5F4B-40AE-A79E-B41EAAD171D8}.Ad-Hoc|ARM.Deploy.0 = Release|ARM
		{DDDF0FCA-5F4B-40AE-A79E-B41EAAD171D8}.Ad-Hoc|iPhone.ActiveCfg = Release|Any CPU
		{DDDF0FCA-5F4B-40AE-A79E-B41EAAD171D8}.Ad-Hoc|iPhone.Build.0 = Release|Any CPU
		{DDDF0FCA-5F4B-40AE-A79E-B41EAAD171D8}.Ad-Hoc|iPhone.Deploy.0 = Release|Any CPU
		{DDDF0FCA-5F4B-40AE-A79E-B41EAAD171D8}.Ad-Hoc|iPhoneSimulator.ActiveCfg = Release|Any CPU
		{DDDF0FCA-5F4B-40AE-A79E-B41EAAD171D8}.Ad-Hoc|iPhoneSimulator.Build.0 = Release|Any CPU
		{DDDF0FCA-5F4B-40AE-A79E-B41EAAD171D8}.Ad-Hoc|iPhoneSimulator.Deploy.0 = Release|Any CPU
		{DDDF0FCA-5F4B-40AE-A79E-B41EAAD171D8}.Ad-Hoc|x64.ActiveCfg = Release|Any CPU
		{DDDF0FCA-5F4B-40AE-A79E-B41EAAD171D8}.Ad-Hoc|x64.Build.0 = Release|Any CPU
		{DDDF0FCA-5F4B-40AE-A79E-B41EAAD171D8}.Ad-Hoc|x64.Deploy.0 = Release|Any CPU
		{DDDF0FCA-5F4B-40AE-A79E-B41EAAD171D8}.Ad-Hoc|x86.ActiveCfg = Release|x86
		{DDDF0FCA-5F4B-40AE-A79E-B41EAAD171D8}.Ad-Hoc|x86.Build.0 = Release|x86
		{DDDF0FCA-5F4B-40AE-A79E-B41EAAD171D8}.Ad-Hoc|x86.Deploy.0 = Release|x86
		{DDDF0FCA-5F4B-40AE-A79E-B41EAAD171D8}.AppStore|Any CPU.ActiveCfg = Release|Any CPU
		{DDDF0FCA-5F4B-40AE-A79E-B41EAAD171D8}.AppStore|Any CPU.Build.0 = Release|Any CPU
		{DDDF0FCA-5F4B-40AE-A79E-B41EAAD171D8}.AppStore|Any CPU.Deploy.0 = Release|Any CPU
		{DDDF0FCA-5F4B-40AE-A79E-B41EAAD171D8}.AppStore|ARM.ActiveCfg = Release|ARM
		{DDDF0FCA-5F4B-40AE-A79E-B41EAAD171D8}.AppStore|ARM.Build.0 = Release|ARM
		{DDDF0FCA-5F4B-40AE-A79E-B41EAAD171D8}.AppStore|ARM.Deploy.0 = Release|ARM
		{DDDF0FCA-5F4B-40AE-A79E-B41EAAD171D8}.AppStore|iPhone.ActiveCfg = Release|Any CPU
		{DDDF0FCA-5F4B-40AE-A79E-B41EAAD171D8}.AppStore|iPhone.Build.0 = Release|Any CPU
		{DDDF0FCA-5F4B-40AE-A79E-B41EAAD171D8}.AppStore|iPhone.Deploy.0 = Release|Any CPU
		{DDDF0FCA-5F4B-40AE-A79E-B41EAAD171D8}.AppStore|iPhoneSimulator.ActiveCfg = Release|Any CPU
		{DDDF0FCA-5F4B-40AE-A79E-B41EAAD171D8}.AppStore|iPhoneSimulator.Build.0 = Release|Any CPU
		{DDDF0FCA-5F4B-40AE-A79E-B41EAAD171D8}.AppStore|iPhoneSimulator.Deploy.0 = Release|Any CPU
		{DDDF0FCA-5F4B-40AE-A79E-B41EAAD171D8}.AppStore|x64.ActiveCfg = Release|Any CPU
		{DDDF0FCA-5F4B-40AE-A79E-B41EAAD171D8}.AppStore|x64.Build.0 = Release|Any CPU
		{DDDF0FCA-5F4B-40AE-A79E-B41EAAD171D8}.AppStore|x64.Deploy.0 = Release|Any CPU
		{DDDF0FCA-5F4B-40AE-A79E-B41EAAD171D8}.AppStore|x86.ActiveCfg = Release|x86
		{DDDF0FCA-5F4B-40AE-A79E-B41EAAD171D8}.AppStore|x86.Build.0 = Release|x86
		{DDDF0FCA-5F4B-40AE-A79E-B41EAAD171D8}.AppStore|x86.Deploy.0 = Release|x86
		{DDDF0FCA-5F4B-40AE-A79E-B41EAAD171D8}.Debug|Any CPU.ActiveCfg = Debug|Any CPU
		{DDDF0FCA-5F4B-40AE-A79E-B41EAAD171D8}.Debug|Any CPU.Build.0 = Debug|Any CPU
		{DDDF0FCA-5F4B-40AE-A79E-B41EAAD171D8}.Debug|Any CPU.Deploy.0 = Debug|Any CPU
		{DDDF0FCA-5F4B-40AE-A79E-B41EAAD171D8}.Debug|ARM.ActiveCfg = Debug|ARM
		{DDDF0FCA-5F4B-40AE-A79E-B41EAAD171D8}.Debug|ARM.Build.0 = Debug|ARM
		{DDDF0FCA-5F4B-40AE-A79E-B41EAAD171D8}.Debug|ARM.Deploy.0 = Debug|ARM
		{DDDF0FCA-5F4B-40AE-A79E-B41EAAD171D8}.Debug|iPhone.ActiveCfg = Debug|Any CPU
		{DDDF0FCA-5F4B-40AE-A79E-B41EAAD171D8}.Debug|iPhone.Build.0 = Debug|Any CPU
		{DDDF0FCA-5F4B-40AE-A79E-B41EAAD171D8}.Debug|iPhone.Deploy.0 = Debug|Any CPU
		{DDDF0FCA-5F4B-40AE-A79E-B41EAAD171D8}.Debug|iPhoneSimulator.ActiveCfg = Debug|Any CPU
		{DDDF0FCA-5F4B-40AE-A79E-B41EAAD171D8}.Debug|iPhoneSimulator.Build.0 = Debug|Any CPU
		{DDDF0FCA-5F4B-40AE-A79E-B41EAAD171D8}.Debug|iPhoneSimulator.Deploy.0 = Debug|Any CPU
		{DDDF0FCA-5F4B-40AE-A79E-B41EAAD171D8}.Debug|x64.ActiveCfg = Debug|Any CPU
		{DDDF0FCA-5F4B-40AE-A79E-B41EAAD171D8}.Debug|x64.Build.0 = Debug|Any CPU
		{DDDF0FCA-5F4B-40AE-A79E-B41EAAD171D8}.Debug|x64.Deploy.0 = Debug|Any CPU
		{DDDF0FCA-5F4B-40AE-A79E-B41EAAD171D8}.Debug|x86.ActiveCfg = Debug|x86
		{DDDF0FCA-5F4B-40AE-A79E-B41EAAD171D8}.Debug|x86.Build.0 = Debug|x86
		{DDDF0FCA-5F4B-40AE-A79E-B41EAAD171D8}.Debug|x86.Deploy.0 = Debug|x86
		{DDDF0FCA-5F4B-40AE-A79E-B41EAAD171D8}.Release|Any CPU.ActiveCfg = Release|Any CPU
		{DDDF0FCA-5F4B-40AE-A79E-B41EAAD171D8}.Release|Any CPU.Build.0 = Release|Any CPU
		{DDDF0FCA-5F4B-40AE-A79E-B41EAAD171D8}.Release|Any CPU.Deploy.0 = Release|Any CPU
		{DDDF0FCA-5F4B-40AE-A79E-B41EAAD171D8}.Release|ARM.ActiveCfg = Release|ARM
		{DDDF0FCA-5F4B-40AE-A79E-B41EAAD171D8}.Release|ARM.Build.0 = Release|ARM
		{DDDF0FCA-5F4B-40AE-A79E-B41EAAD171D8}.Release|ARM.Deploy.0 = Release|ARM
		{DDDF0FCA-5F4B-40AE-A79E-B41EAAD171D8}.Release|iPhone.ActiveCfg = Release|Any CPU
		{DDDF0FCA-5F4B-40AE-A79E-B41EAAD171D8}.Release|iPhone.Build.0 = Release|Any CPU
		{DDDF0FCA-5F4B-40AE-A79E-B41EAAD171D8}.Release|iPhone.Deploy.0 = Release|Any CPU
		{DDDF0FCA-5F4B-40AE-A79E-B41EAAD171D8}.Release|iPhoneSimulator.ActiveCfg = Release|Any CPU
		{DDDF0FCA-5F4B-40AE-A79E-B41EAAD171D8}.Release|iPhoneSimulator.Build.0 = Release|Any CPU
		{DDDF0FCA-5F4B-40AE-A79E-B41EAAD171D8}.Release|iPhoneSimulator.Deploy.0 = Release|Any CPU
		{DDDF0FCA-5F4B-40AE-A79E-B41EAAD171D8}.Release|x64.ActiveCfg = Release|Any CPU
		{DDDF0FCA-5F4B-40AE-A79E-B41EAAD171D8}.Release|x64.Build.0 = Release|Any CPU
		{DDDF0FCA-5F4B-40AE-A79E-B41EAAD171D8}.Release|x64.Deploy.0 = Release|Any CPU
		{DDDF0FCA-5F4B-40AE-A79E-B41EAAD171D8}.Release|x86.ActiveCfg = Release|x86
		{DDDF0FCA-5F4B-40AE-A79E-B41EAAD171D8}.Release|x86.Build.0 = Release|x86
		{DDDF0FCA-5F4B-40AE-A79E-B41EAAD171D8}.Release|x86.Deploy.0 = Release|x86
		{8C02FE0B-5D49-4092-A0DA-3234F424594C}.Ad-Hoc|Any CPU.ActiveCfg = Release|x86
		{8C02FE0B-5D49-4092-A0DA-3234F424594C}.Ad-Hoc|Any CPU.Build.0 = Release|x86
		{8C02FE0B-5D49-4092-A0DA-3234F424594C}.Ad-Hoc|Any CPU.Deploy.0 = Release|x86
		{8C02FE0B-5D49-4092-A0DA-3234F424594C}.Ad-Hoc|ARM.ActiveCfg = Release|ARM
		{8C02FE0B-5D49-4092-A0DA-3234F424594C}.Ad-Hoc|ARM.Build.0 = Release|ARM
		{8C02FE0B-5D49-4092-A0DA-3234F424594C}.Ad-Hoc|ARM.Deploy.0 = Release|ARM
		{8C02FE0B-5D49-4092-A0DA-3234F424594C}.Ad-Hoc|iPhone.ActiveCfg = Release|x86
		{8C02FE0B-5D49-4092-A0DA-3234F424594C}.Ad-Hoc|iPhone.Build.0 = Release|x86
		{8C02FE0B-5D49-4092-A0DA-3234F424594C}.Ad-Hoc|iPhone.Deploy.0 = Release|x86
		{8C02FE0B-5D49-4092-A0DA-3234F424594C}.Ad-Hoc|iPhoneSimulator.ActiveCfg = Release|x86
		{8C02FE0B-5D49-4092-A0DA-3234F424594C}.Ad-Hoc|iPhoneSimulator.Build.0 = Release|x86
		{8C02FE0B-5D49-4092-A0DA-3234F424594C}.Ad-Hoc|iPhoneSimulator.Deploy.0 = Release|x86
		{8C02FE0B-5D49-4092-A0DA-3234F424594C}.Ad-Hoc|x64.ActiveCfg = Release|x64
		{8C02FE0B-5D49-4092-A0DA-3234F424594C}.Ad-Hoc|x64.Build.0 = Release|x64
		{8C02FE0B-5D49-4092-A0DA-3234F424594C}.Ad-Hoc|x64.Deploy.0 = Release|x64
		{8C02FE0B-5D49-4092-A0DA-3234F424594C}.Ad-Hoc|x86.ActiveCfg = Release|x86
		{8C02FE0B-5D49-4092-A0DA-3234F424594C}.Ad-Hoc|x86.Build.0 = Release|x86
		{8C02FE0B-5D49-4092-A0DA-3234F424594C}.Ad-Hoc|x86.Deploy.0 = Release|x86
		{8C02FE0B-5D49-4092-A0DA-3234F424594C}.AppStore|Any CPU.ActiveCfg = Release|x86
		{8C02FE0B-5D49-4092-A0DA-3234F424594C}.AppStore|Any CPU.Build.0 = Release|x86
		{8C02FE0B-5D49-4092-A0DA-3234F424594C}.AppStore|Any CPU.Deploy.0 = Release|x86
		{8C02FE0B-5D49-4092-A0DA-3234F424594C}.AppStore|ARM.ActiveCfg = Release|ARM
		{8C02FE0B-5D49-4092-A0DA-3234F424594C}.AppStore|ARM.Build.0 = Release|ARM
		{8C02FE0B-5D49-4092-A0DA-3234F424594C}.AppStore|ARM.Deploy.0 = Release|ARM
		{8C02FE0B-5D49-4092-A0DA-3234F424594C}.AppStore|iPhone.ActiveCfg = Release|x86
		{8C02FE0B-5D49-4092-A0DA-3234F424594C}.AppStore|iPhone.Build.0 = Release|x86
		{8C02FE0B-5D49-4092-A0DA-3234F424594C}.AppStore|iPhone.Deploy.0 = Release|x86
		{8C02FE0B-5D49-4092-A0DA-3234F424594C}.AppStore|iPhoneSimulator.ActiveCfg = Release|x86
		{8C02FE0B-5D49-4092-A0DA-3234F424594C}.AppStore|iPhoneSimulator.Build.0 = Release|x86
		{8C02FE0B-5D49-4092-A0DA-3234F424594C}.AppStore|iPhoneSimulator.Deploy.0 = Release|x86
		{8C02FE0B-5D49-4092-A0DA-3234F424594C}.AppStore|x64.ActiveCfg = Release|x64
		{8C02FE0B-5D49-4092-A0DA-3234F424594C}.AppStore|x64.Build.0 = Release|x64
		{8C02FE0B-5D49-4092-A0DA-3234F424594C}.AppStore|x64.Deploy.0 = Release|x64
		{8C02FE0B-5D49-4092-A0DA-3234F424594C}.AppStore|x86.ActiveCfg = Release|x86
		{8C02FE0B-5D49-4092-A0DA-3234F424594C}.AppStore|x86.Build.0 = Release|x86
		{8C02FE0B-5D49-4092-A0DA-3234F424594C}.AppStore|x86.Deploy.0 = Release|x86
		{8C02FE0B-5D49-4092-A0DA-3234F424594C}.Debug|Any CPU.ActiveCfg = Debug|x86
		{8C02FE0B-5D49-4092-A0DA-3234F424594C}.Debug|ARM.ActiveCfg = Debug|ARM
		{8C02FE0B-5D49-4092-A0DA-3234F424594C}.Debug|ARM.Build.0 = Debug|ARM
		{8C02FE0B-5D49-4092-A0DA-3234F424594C}.Debug|ARM.Deploy.0 = Debug|ARM
		{8C02FE0B-5D49-4092-A0DA-3234F424594C}.Debug|iPhone.ActiveCfg = Debug|x86
		{8C02FE0B-5D49-4092-A0DA-3234F424594C}.Debug|iPhoneSimulator.ActiveCfg = Debug|x86
		{8C02FE0B-5D49-4092-A0DA-3234F424594C}.Debug|x64.ActiveCfg = Debug|x64
		{8C02FE0B-5D49-4092-A0DA-3234F424594C}.Debug|x64.Build.0 = Debug|x64
		{8C02FE0B-5D49-4092-A0DA-3234F424594C}.Debug|x64.Deploy.0 = Debug|x64
		{8C02FE0B-5D49-4092-A0DA-3234F424594C}.Debug|x86.ActiveCfg = Debug|x86
		{8C02FE0B-5D49-4092-A0DA-3234F424594C}.Debug|x86.Build.0 = Debug|x86
		{8C02FE0B-5D49-4092-A0DA-3234F424594C}.Debug|x86.Deploy.0 = Debug|x86
		{8C02FE0B-5D49-4092-A0DA-3234F424594C}.Release|Any CPU.ActiveCfg = Release|x86
		{8C02FE0B-5D49-4092-A0DA-3234F424594C}.Release|ARM.ActiveCfg = Release|ARM
		{8C02FE0B-5D49-4092-A0DA-3234F424594C}.Release|ARM.Build.0 = Release|ARM
		{8C02FE0B-5D49-4092-A0DA-3234F424594C}.Release|ARM.Deploy.0 = Release|ARM
		{8C02FE0B-5D49-4092-A0DA-3234F424594C}.Release|iPhone.ActiveCfg = Release|x86
		{8C02FE0B-5D49-4092-A0DA-3234F424594C}.Release|iPhoneSimulator.ActiveCfg = Release|x86
		{8C02FE0B-5D49-4092-A0DA-3234F424594C}.Release|x64.ActiveCfg = Release|x64
		{8C02FE0B-5D49-4092-A0DA-3234F424594C}.Release|x64.Build.0 = Release|x64
		{8C02FE0B-5D49-4092-A0DA-3234F424594C}.Release|x64.Deploy.0 = Release|x64
		{8C02FE0B-5D49-4092-A0DA-3234F424594C}.Release|x86.ActiveCfg = Release|x86
		{8C02FE0B-5D49-4092-A0DA-3234F424594C}.Release|x86.Build.0 = Release|x86
		{8C02FE0B-5D49-4092-A0DA-3234F424594C}.Release|x86.Deploy.0 = Release|x86
		{FE189223-B177-475C-98B5-20EC8E48B712}.Ad-Hoc|Any CPU.ActiveCfg = Release|Any CPU
		{FE189223-B177-475C-98B5-20EC8E48B712}.Ad-Hoc|Any CPU.Build.0 = Release|Any CPU
		{FE189223-B177-475C-98B5-20EC8E48B712}.Ad-Hoc|Any CPU.Deploy.0 = Release|Any CPU
		{FE189223-B177-475C-98B5-20EC8E48B712}.Ad-Hoc|ARM.ActiveCfg = Release|ARM
		{FE189223-B177-475C-98B5-20EC8E48B712}.Ad-Hoc|ARM.Build.0 = Release|ARM
		{FE189223-B177-475C-98B5-20EC8E48B712}.Ad-Hoc|ARM.Deploy.0 = Release|ARM
		{FE189223-B177-475C-98B5-20EC8E48B712}.Ad-Hoc|iPhone.ActiveCfg = Release|Any CPU
		{FE189223-B177-475C-98B5-20EC8E48B712}.Ad-Hoc|iPhone.Build.0 = Release|Any CPU
		{FE189223-B177-475C-98B5-20EC8E48B712}.Ad-Hoc|iPhone.Deploy.0 = Release|Any CPU
		{FE189223-B177-475C-98B5-20EC8E48B712}.Ad-Hoc|iPhoneSimulator.ActiveCfg = Release|Any CPU
		{FE189223-B177-475C-98B5-20EC8E48B712}.Ad-Hoc|iPhoneSimulator.Build.0 = Release|Any CPU
		{FE189223-B177-475C-98B5-20EC8E48B712}.Ad-Hoc|iPhoneSimulator.Deploy.0 = Release|Any CPU
		{FE189223-B177-475C-98B5-20EC8E48B712}.Ad-Hoc|x64.ActiveCfg = Release|x64
		{FE189223-B177-475C-98B5-20EC8E48B712}.Ad-Hoc|x64.Build.0 = Release|x64
		{FE189223-B177-475C-98B5-20EC8E48B712}.Ad-Hoc|x64.Deploy.0 = Release|x64
		{FE189223-B177-475C-98B5-20EC8E48B712}.Ad-Hoc|x86.ActiveCfg = Release|x86
		{FE189223-B177-475C-98B5-20EC8E48B712}.Ad-Hoc|x86.Build.0 = Release|x86
		{FE189223-B177-475C-98B5-20EC8E48B712}.Ad-Hoc|x86.Deploy.0 = Release|x86
		{FE189223-B177-475C-98B5-20EC8E48B712}.AppStore|Any CPU.ActiveCfg = Release|Any CPU
		{FE189223-B177-475C-98B5-20EC8E48B712}.AppStore|Any CPU.Build.0 = Release|Any CPU
		{FE189223-B177-475C-98B5-20EC8E48B712}.AppStore|Any CPU.Deploy.0 = Release|Any CPU
		{FE189223-B177-475C-98B5-20EC8E48B712}.AppStore|ARM.ActiveCfg = Release|ARM
		{FE189223-B177-475C-98B5-20EC8E48B712}.AppStore|ARM.Build.0 = Release|ARM
		{FE189223-B177-475C-98B5-20EC8E48B712}.AppStore|ARM.Deploy.0 = Release|ARM
		{FE189223-B177-475C-98B5-20EC8E48B712}.AppStore|iPhone.ActiveCfg = Release|Any CPU
		{FE189223-B177-475C-98B5-20EC8E48B712}.AppStore|iPhone.Build.0 = Release|Any CPU
		{FE189223-B177-475C-98B5-20EC8E48B712}.AppStore|iPhone.Deploy.0 = Release|Any CPU
		{FE189223-B177-475C-98B5-20EC8E48B712}.AppStore|iPhoneSimulator.ActiveCfg = Release|Any CPU
		{FE189223-B177-475C-98B5-20EC8E48B712}.AppStore|iPhoneSimulator.Build.0 = Release|Any CPU
		{FE189223-B177-475C-98B5-20EC8E48B712}.AppStore|iPhoneSimulator.Deploy.0 = Release|Any CPU
		{FE189223-B177-475C-98B5-20EC8E48B712}.AppStore|x64.ActiveCfg = Release|x64
		{FE189223-B177-475C-98B5-20EC8E48B712}.AppStore|x64.Build.0 = Release|x64
		{FE189223-B177-475C-98B5-20EC8E48B712}.AppStore|x64.Deploy.0 = Release|x64
		{FE189223-B177-475C-98B5-20EC8E48B712}.AppStore|x86.ActiveCfg = Release|x86
		{FE189223-B177-475C-98B5-20EC8E48B712}.AppStore|x86.Build.0 = Release|x86
		{FE189223-B177-475C-98B5-20EC8E48B712}.AppStore|x86.Deploy.0 = Release|x86
		{FE189223-B177-475C-98B5-20EC8E48B712}.Debug|Any CPU.ActiveCfg = Debug|Any CPU
		{FE189223-B177-475C-98B5-20EC8E48B712}.Debug|Any CPU.Build.0 = Debug|Any CPU
		{FE189223-B177-475C-98B5-20EC8E48B712}.Debug|Any CPU.Deploy.0 = Debug|Any CPU
		{FE189223-B177-475C-98B5-20EC8E48B712}.Debug|ARM.ActiveCfg = Debug|ARM
		{FE189223-B177-475C-98B5-20EC8E48B712}.Debug|ARM.Build.0 = Debug|ARM
		{FE189223-B177-475C-98B5-20EC8E48B712}.Debug|ARM.Deploy.0 = Debug|ARM
		{FE189223-B177-475C-98B5-20EC8E48B712}.Debug|iPhone.ActiveCfg = Debug|Any CPU
		{FE189223-B177-475C-98B5-20EC8E48B712}.Debug|iPhone.Build.0 = Debug|Any CPU
		{FE189223-B177-475C-98B5-20EC8E48B712}.Debug|iPhone.Deploy.0 = Debug|Any CPU
		{FE189223-B177-475C-98B5-20EC8E48B712}.Debug|iPhoneSimulator.ActiveCfg = Debug|Any CPU
		{FE189223-B177-475C-98B5-20EC8E48B712}.Debug|iPhoneSimulator.Build.0 = Debug|Any CPU
		{FE189223-B177-475C-98B5-20EC8E48B712}.Debug|iPhoneSimulator.Deploy.0 = Debug|Any CPU
		{FE189223-B177-475C-98B5-20EC8E48B712}.Debug|x64.ActiveCfg = Debug|x64
		{FE189223-B177-475C-98B5-20EC8E48B712}.Debug|x64.Build.0 = Debug|x64
		{FE189223-B177-475C-98B5-20EC8E48B712}.Debug|x64.Deploy.0 = Debug|x64
		{FE189223-B177-475C-98B5-20EC8E48B712}.Debug|x86.ActiveCfg = Debug|x86
		{FE189223-B177-475C-98B5-20EC8E48B712}.Debug|x86.Build.0 = Debug|x86
		{FE189223-B177-475C-98B5-20EC8E48B712}.Debug|x86.Deploy.0 = Debug|x86
		{FE189223-B177-475C-98B5-20EC8E48B712}.Release|Any CPU.ActiveCfg = Release|Any CPU
		{FE189223-B177-475C-98B5-20EC8E48B712}.Release|Any CPU.Build.0 = Release|Any CPU
		{FE189223-B177-475C-98B5-20EC8E48B712}.Release|Any CPU.Deploy.0 = Release|Any CPU
		{FE189223-B177-475C-98B5-20EC8E48B712}.Release|ARM.ActiveCfg = Release|ARM
		{FE189223-B177-475C-98B5-20EC8E48B712}.Release|ARM.Build.0 = Release|ARM
		{FE189223-B177-475C-98B5-20EC8E48B712}.Release|ARM.Deploy.0 = Release|ARM
		{FE189223-B177-475C-98B5-20EC8E48B712}.Release|iPhone.ActiveCfg = Release|Any CPU
		{FE189223-B177-475C-98B5-20EC8E48B712}.Release|iPhone.Build.0 = Release|Any CPU
		{FE189223-B177-475C-98B5-20EC8E48B712}.Release|iPhone.Deploy.0 = Release|Any CPU
		{FE189223-B177-475C-98B5-20EC8E48B712}.Release|iPhoneSimulator.ActiveCfg = Release|Any CPU
		{FE189223-B177-475C-98B5-20EC8E48B712}.Release|iPhoneSimulator.Build.0 = Release|Any CPU
		{FE189223-B177-475C-98B5-20EC8E48B712}.Release|iPhoneSimulator.Deploy.0 = Release|Any CPU
		{FE189223-B177-475C-98B5-20EC8E48B712}.Release|x64.ActiveCfg = Release|x64
		{FE189223-B177-475C-98B5-20EC8E48B712}.Release|x64.Build.0 = Release|x64
		{FE189223-B177-475C-98B5-20EC8E48B712}.Release|x64.Deploy.0 = Release|x64
		{FE189223-B177-475C-98B5-20EC8E48B712}.Release|x86.ActiveCfg = Release|x86
		{FE189223-B177-475C-98B5-20EC8E48B712}.Release|x86.Build.0 = Release|x86
		{FE189223-B177-475C-98B5-20EC8E48B712}.Release|x86.Deploy.0 = Release|x86
		{05734C41-FCA4-4DAB-9113-1BF9D682719F}.Ad-Hoc|Any CPU.ActiveCfg = Release|Any CPU
		{05734C41-FCA4-4DAB-9113-1BF9D682719F}.Ad-Hoc|Any CPU.Build.0 = Release|Any CPU
		{05734C41-FCA4-4DAB-9113-1BF9D682719F}.Ad-Hoc|ARM.ActiveCfg = Release|Any CPU
		{05734C41-FCA4-4DAB-9113-1BF9D682719F}.Ad-Hoc|ARM.Build.0 = Release|Any CPU
		{05734C41-FCA4-4DAB-9113-1BF9D682719F}.Ad-Hoc|iPhone.ActiveCfg = Release|Any CPU
		{05734C41-FCA4-4DAB-9113-1BF9D682719F}.Ad-Hoc|iPhone.Build.0 = Release|Any CPU
		{05734C41-FCA4-4DAB-9113-1BF9D682719F}.Ad-Hoc|iPhoneSimulator.ActiveCfg = Release|Any CPU
		{05734C41-FCA4-4DAB-9113-1BF9D682719F}.Ad-Hoc|iPhoneSimulator.Build.0 = Release|Any CPU
		{05734C41-FCA4-4DAB-9113-1BF9D682719F}.Ad-Hoc|x64.ActiveCfg = Release|Any CPU
		{05734C41-FCA4-4DAB-9113-1BF9D682719F}.Ad-Hoc|x64.Build.0 = Release|Any CPU
		{05734C41-FCA4-4DAB-9113-1BF9D682719F}.Ad-Hoc|x86.ActiveCfg = Release|Any CPU
		{05734C41-FCA4-4DAB-9113-1BF9D682719F}.Ad-Hoc|x86.Build.0 = Release|Any CPU
		{05734C41-FCA4-4DAB-9113-1BF9D682719F}.AppStore|Any CPU.ActiveCfg = Release|Any CPU
		{05734C41-FCA4-4DAB-9113-1BF9D682719F}.AppStore|Any CPU.Build.0 = Release|Any CPU
		{05734C41-FCA4-4DAB-9113-1BF9D682719F}.AppStore|ARM.ActiveCfg = Release|Any CPU
		{05734C41-FCA4-4DAB-9113-1BF9D682719F}.AppStore|ARM.Build.0 = Release|Any CPU
		{05734C41-FCA4-4DAB-9113-1BF9D682719F}.AppStore|iPhone.ActiveCfg = Release|Any CPU
		{05734C41-FCA4-4DAB-9113-1BF9D682719F}.AppStore|iPhone.Build.0 = Release|Any CPU
		{05734C41-FCA4-4DAB-9113-1BF9D682719F}.AppStore|iPhoneSimulator.ActiveCfg = Release|Any CPU
		{05734C41-FCA4-4DAB-9113-1BF9D682719F}.AppStore|iPhoneSimulator.Build.0 = Release|Any CPU
		{05734C41-FCA4-4DAB-9113-1BF9D682719F}.AppStore|x64.ActiveCfg = Release|Any CPU
		{05734C41-FCA4-4DAB-9113-1BF9D682719F}.AppStore|x64.Build.0 = Release|Any CPU
		{05734C41-FCA4-4DAB-9113-1BF9D682719F}.AppStore|x86.ActiveCfg = Release|Any CPU
		{05734C41-FCA4-4DAB-9113-1BF9D682719F}.AppStore|x86.Build.0 = Release|Any CPU
		{05734C41-FCA4-4DAB-9113-1BF9D682719F}.Debug|Any CPU.ActiveCfg = Debug|Any CPU
		{05734C41-FCA4-4DAB-9113-1BF9D682719F}.Debug|Any CPU.Build.0 = Debug|Any CPU
		{05734C41-FCA4-4DAB-9113-1BF9D682719F}.Debug|ARM.ActiveCfg = Debug|Any CPU
		{05734C41-FCA4-4DAB-9113-1BF9D682719F}.Debug|ARM.Build.0 = Debug|Any CPU
		{05734C41-FCA4-4DAB-9113-1BF9D682719F}.Debug|iPhone.ActiveCfg = Debug|Any CPU
		{05734C41-FCA4-4DAB-9113-1BF9D682719F}.Debug|iPhone.Build.0 = Debug|Any CPU
		{05734C41-FCA4-4DAB-9113-1BF9D682719F}.Debug|iPhoneSimulator.ActiveCfg = Debug|Any CPU
		{05734C41-FCA4-4DAB-9113-1BF9D682719F}.Debug|iPhoneSimulator.Build.0 = Debug|Any CPU
		{05734C41-FCA4-4DAB-9113-1BF9D682719F}.Debug|x64.ActiveCfg = Debug|Any CPU
		{05734C41-FCA4-4DAB-9113-1BF9D682719F}.Debug|x64.Build.0 = Debug|Any CPU
		{05734C41-FCA4-4DAB-9113-1BF9D682719F}.Debug|x86.ActiveCfg = Debug|Any CPU
		{05734C41-FCA4-4DAB-9113-1BF9D682719F}.Debug|x86.Build.0 = Debug|Any CPU
		{05734C41-FCA4-4DAB-9113-1BF9D682719F}.Release|Any CPU.ActiveCfg = Release|Any CPU
		{05734C41-FCA4-4DAB-9113-1BF9D682719F}.Release|Any CPU.Build.0 = Release|Any CPU
		{05734C41-FCA4-4DAB-9113-1BF9D682719F}.Release|ARM.ActiveCfg = Release|Any CPU
		{05734C41-FCA4-4DAB-9113-1BF9D682719F}.Release|ARM.Build.0 = Release|Any CPU
		{05734C41-FCA4-4DAB-9113-1BF9D682719F}.Release|iPhone.ActiveCfg = Release|Any CPU
		{05734C41-FCA4-4DAB-9113-1BF9D682719F}.Release|iPhone.Build.0 = Release|Any CPU
		{05734C41-FCA4-4DAB-9113-1BF9D682719F}.Release|iPhoneSimulator.ActiveCfg = Release|Any CPU
		{05734C41-FCA4-4DAB-9113-1BF9D682719F}.Release|iPhoneSimulator.Build.0 = Release|Any CPU
		{05734C41-FCA4-4DAB-9113-1BF9D682719F}.Release|x64.ActiveCfg = Release|Any CPU
		{05734C41-FCA4-4DAB-9113-1BF9D682719F}.Release|x64.Build.0 = Release|Any CPU
		{05734C41-FCA4-4DAB-9113-1BF9D682719F}.Release|x86.ActiveCfg = Release|Any CPU
		{05734C41-FCA4-4DAB-9113-1BF9D682719F}.Release|x86.Build.0 = Release|Any CPU
	EndGlobalSection
	GlobalSection(SolutionProperties) = preSolution
		HideSolutionNode = FALSE
	EndGlobalSection
EndGlobal
