
Microsoft Visual Studio Solution File, Format Version 11.00
# Visual Studio 2010
Project("{FAE04EC0-301F-11D3-BF4B-00C04F79EFBC}") = "myBit", "myBit.csproj", "{B39ACE54-0089-44A5-9AFC-CFB59D9DF2FD}"
EndProject
Global
	GlobalSection(SolutionConfigurationPlatforms) = preSolution
		Debug|Any CPU = Debug|Any CPU
		Release|Any CPU = Release|Any CPU
	EndGlobalSection
	GlobalSection(ProjectConfigurationPlatforms) = postSolution
		{B39ACE54-0089-44A5-9AFC-CFB59D9DF2FD}.Debug|Any CPU.ActiveCfg = Debug|Any CPU
		{B39ACE54-0089-44A5-9AFC-CFB59D9DF2FD}.Debug|Any CPU.Build.0 = Debug|Any CPU
		{B39ACE54-0089-44A5-9AFC-CFB59D9DF2FD}.Release|Any CPU.ActiveCfg = Release|Any CPU
		{B39ACE54-0089-44A5-9AFC-CFB59D9DF2FD}.Release|Any CPU.Build.0 = Release|Any CPU
	EndGlobalSection
EndGlobal
